PODS:
  - PNDTexture/Core (1.0.0)
  - PNDTexture/Wrapper (1.0.0):
    - PNDTexture/Core

DEPENDENCIES:
  - PNDTexture/Wrapper (from `Texture.podspec`)

EXTERNAL SOURCES:
  PNDTexture:
    :path: Texture.podspec

SPEC CHECKSUMS:
  PNDTexture: d22452b2c33da7081b389aed97b76083d9c69234

PODFILE CHECKSUM: ff561b1b0510f6d7ab90694c40c1426457823018

COCOAPODS: 1.11.2
