PODS:
  - PNDTexture/Core (3.1.0)
  - PNDTexture/Wrapper (3.1.0):
    - PNDTexture/Core

DEPENDENCIES:
  - PNDTexture/Wrapper (from `Texture.podspec`)

EXTERNAL SOURCES:
  PNDTexture:
    :path: Texture.podspec

SPEC CHECKSUMS:
  PNDTexture: 7f99434ccde2f0fea48c9b14f2f881da960765f2

PODFILE CHECKSUM: ff561b1b0510f6d7ab90694c40c1426457823018

COCOAPODS: 1.11.2
